
Microsoft Visual Studio Solution File, Format Version 12.00
# Visual Studio Version 16
VisualStudioVersion = 16.0.30621.155
MinimumVisualStudioVersion = 10.0.40219.1
Project("{8BC9CEB8-8B4A-11D0-8D11-00A0C91BC942}") = "4.1", "4.1\4.1.vcxproj", "{F7365DB9-02F6-441F-8212-CFFD59E9C15F}"
EndProject
Project("{8BC9CEB8-8B4A-11D0-8D11-00A0C91BC942}") = "UnitTest4.1", "UnitTest4.1\UnitTest4.1.vcxproj", "{4DE59F1D-EFBD-489A-968B-2149A668CE15}"
EndProject
Global
	GlobalSection(SolutionConfigurationPlatforms) = preSolution
		Debug|x64 = Debug|x64
		Debug|x86 = Debug|x86
		Release|x64 = Release|x64
		Release|x86 = Release|x86
	EndGlobalSection
	GlobalSection(ProjectConfigurationPlatforms) = postSolution
		{F7365DB9-02F6-441F-8212-CFFD59E9C15F}.Debug|x64.ActiveCfg = Debug|x64
		{F7365DB9-02F6-441F-8212-CFFD59E9C15F}.Debug|x64.Build.0 = Debug|x64
		{F7365DB9-02F6-441F-8212-CFFD59E9C15F}.Debug|x86.ActiveCfg = Debug|Win32
		{F7365DB9-02F6-441F-8212-CFFD59E9C15F}.Debug|x86.Build.0 = Debug|Win32
		{F7365DB9-02F6-441F-8212-CFFD59E9C15F}.Release|x64.ActiveCfg = Release|x64
		{F7365DB9-02F6-441F-8212-CFFD59E9C15F}.Release|x64.Build.0 = Release|x64
		{F7365DB9-02F6-441F-8212-CFFD59E9C15F}.Release|x86.ActiveCfg = Release|Win32
		{F7365DB9-02F6-441F-8212-CFFD59E9C15F}.Release|x86.Build.0 = Release|Win32
		{4DE59F1D-EFBD-489A-968B-2149A668CE15}.Debug|x64.ActiveCfg = Debug|x64
		{4DE59F1D-EFBD-489A-968B-2149A668CE15}.Debug|x64.Build.0 = Debug|x64
		{4DE59F1D-EFBD-489A-968B-2149A668CE15}.Debug|x86.ActiveCfg = Debug|Win32
		{4DE59F1D-EFBD-489A-968B-2149A668CE15}.Debug|x86.Build.0 = Debug|Win32
		{4DE59F1D-EFBD-489A-968B-2149A668CE15}.Release|x64.ActiveCfg = Release|x64
		{4DE59F1D-EFBD-489A-968B-2149A668CE15}.Release|x64.Build.0 = Release|x64
		{4DE59F1D-EFBD-489A-968B-2149A668CE15}.Release|x86.ActiveCfg = Release|Win32
		{4DE59F1D-EFBD-489A-968B-2149A668CE15}.Release|x86.Build.0 = Release|Win32
	EndGlobalSection
	GlobalSection(SolutionProperties) = preSolution
		HideSolutionNode = FALSE
	EndGlobalSection
	GlobalSection(ExtensibilityGlobals) = postSolution
		SolutionGuid = {7DFE666F-F8F6-426E-9722-8CA9F4C17CF9}
	EndGlobalSection
EndGlobal
